
Microsoft Visual Studio Solution File, Format Version 12.00
# Visual Studio Version 17
VisualStudioVersion = 17.5.33530.505
MinimumVisualStudioVersion = 10.0.40219.1
Project("{FAE04EC0-301F-11D3-BF4B-00C04F79EFBC}") = "Project_For_Monthly_03", "Project_For_Monthly_03\Project_For_Monthly_03.csproj", "{E60AF0A2-D1FB-4D7A-9083-9959A0199129}"
EndProject
Global
	GlobalSection(SolutionConfigurationPlatforms) = preSolution
		Debug|Any CPU = Debug|Any CPU
		Release|Any CPU = Release|Any CPU
	EndGlobalSection
	GlobalSection(ProjectConfigurationPlatforms) = postSolution
		{E60AF0A2-D1FB-4D7A-9083-9959A0199129}.Debug|Any CPU.ActiveCfg = Debug|Any CPU
		{E60AF0A2-D1FB-4D7A-9083-9959A0199129}.Debug|Any CPU.Build.0 = Debug|Any CPU
		{E60AF0A2-D1FB-4D7A-9083-9959A0199129}.Release|Any CPU.ActiveCfg = Release|Any CPU
		{E60AF0A2-D1FB-4D7A-9083-9959A0199129}.Release|Any CPU.Build.0 = Release|Any CPU
	EndGlobalSection
	GlobalSection(SolutionProperties) = preSolution
		HideSolutionNode = FALSE
	EndGlobalSection
	GlobalSection(ExtensibilityGlobals) = postSolution
		SolutionGuid = {B93C1B97-9BA2-49E0-A976-E02AE11DF1D0}
	EndGlobalSection
EndGlobal
